
Microsoft Visual Studio Solution File, Format Version 12.00
# Visual Studio Version 16
VisualStudioVersion = 16.0.30114.105
MinimumVisualStudioVersion = 10.0.40219.1
Project("{2150E333-8FDC-42A3-9474-1A3956D46DE8}") = "src", "src", "{5DC1DBD9-AA3B-44E4-B87C-5BB946D91CA6}"
EndProject
Project("{2150E333-8FDC-42A3-9474-1A3956D46DE8}") = "tests", "tests", "{67B01C46-198D-41A8-8E65-44D79723A97F}"
EndProject
Project("{2150E333-8FDC-42A3-9474-1A3956D46DE8}") = "Modules", "Modules", "{7D31FC60-864F-4F97-A88E-12F441649129}"
EndProject
Project("{2150E333-8FDC-42A3-9474-1A3956D46DE8}") = "Bootstrapper", "Bootstrapper", "{08FB6832-104A-4461-A24C-00FF10AC7740}"
EndProject
Project("{2150E333-8FDC-42A3-9474-1A3956D46DE8}") = "Shared", "Shared", "{DB507882-2A0C-4435-BAFC-B44689C520D6}"
EndProject
Project("{FAE04EC0-301F-11D3-BF4B-00C04F79EFBC}") = "Confab.Bootstrapper", "src\Bootstrapper\Confab.Bootstrapper\Confab.Bootstrapper.csproj", "{2C59C6C0-7075-4800-A3DC-9A1102E7F02E}"
EndProject
Project("{FAE04EC0-301F-11D3-BF4B-00C04F79EFBC}") = "Confab.Shared.Abtractions", "src\Shared\Confab.Shared.Abtractions\Confab.Shared.Abtractions.csproj", "{DBD0E65E-177F-4140-AA28-733174E2161E}"
EndProject
Project("{FAE04EC0-301F-11D3-BF4B-00C04F79EFBC}") = "Confab.Shared.Infrastructure", "src\Shared\Confab.Shared.Infrastructure\Confab.Shared.Infrastructure.csproj", "{9B98E4B6-46D9-4528-865C-AE67A23A0D48}"
EndProject
Project("{FAE04EC0-301F-11D3-BF4B-00C04F79EFBC}") = "Confab.Modules.Conferences.Api", "src\Modules\Conferences\Confab.Modules.Conferences.Api\Confab.Modules.Conferences.Api.csproj", "{C0018C50-0F60-4A78-BEB9-084D78B03463}"
EndProject
Project("{2150E333-8FDC-42A3-9474-1A3956D46DE8}") = "Conferences", "Conferences", "{C38E035C-2C95-4E22-8BE1-A002A0737444}"
EndProject
Project("{FAE04EC0-301F-11D3-BF4B-00C04F79EFBC}") = "Confab.Modules.Conferences.Core", "src\Modules\Conferences\Confab.Modules.Conferences.Core\Confab.Modules.Conferences.Core.csproj", "{EF8732E8-367C-4183-A02D-CD41285CBE16}"
EndProject
Global
	GlobalSection(SolutionConfigurationPlatforms) = preSolution
		Debug|Any CPU = Debug|Any CPU
		Release|Any CPU = Release|Any CPU
	EndGlobalSection
	GlobalSection(ProjectConfigurationPlatforms) = postSolution
		{2C59C6C0-7075-4800-A3DC-9A1102E7F02E}.Debug|Any CPU.ActiveCfg = Debug|Any CPU
		{2C59C6C0-7075-4800-A3DC-9A1102E7F02E}.Debug|Any CPU.Build.0 = Debug|Any CPU
		{2C59C6C0-7075-4800-A3DC-9A1102E7F02E}.Release|Any CPU.ActiveCfg = Release|Any CPU
		{2C59C6C0-7075-4800-A3DC-9A1102E7F02E}.Release|Any CPU.Build.0 = Release|Any CPU
		{DBD0E65E-177F-4140-AA28-733174E2161E}.Debug|Any CPU.ActiveCfg = Debug|Any CPU
		{DBD0E65E-177F-4140-AA28-733174E2161E}.Debug|Any CPU.Build.0 = Debug|Any CPU
		{DBD0E65E-177F-4140-AA28-733174E2161E}.Release|Any CPU.ActiveCfg = Release|Any CPU
		{DBD0E65E-177F-4140-AA28-733174E2161E}.Release|Any CPU.Build.0 = Release|Any CPU
		{9B98E4B6-46D9-4528-865C-AE67A23A0D48}.Debug|Any CPU.ActiveCfg = Debug|Any CPU
		{9B98E4B6-46D9-4528-865C-AE67A23A0D48}.Debug|Any CPU.Build.0 = Debug|Any CPU
		{9B98E4B6-46D9-4528-865C-AE67A23A0D48}.Release|Any CPU.ActiveCfg = Release|Any CPU
		{9B98E4B6-46D9-4528-865C-AE67A23A0D48}.Release|Any CPU.Build.0 = Release|Any CPU
		{C0018C50-0F60-4A78-BEB9-084D78B03463}.Debug|Any CPU.ActiveCfg = Debug|Any CPU
		{C0018C50-0F60-4A78-BEB9-084D78B03463}.Debug|Any CPU.Build.0 = Debug|Any CPU
		{C0018C50-0F60-4A78-BEB9-084D78B03463}.Release|Any CPU.ActiveCfg = Release|Any CPU
		{C0018C50-0F60-4A78-BEB9-084D78B03463}.Release|Any CPU.Build.0 = Release|Any CPU
		{EF8732E8-367C-4183-A02D-CD41285CBE16}.Debug|Any CPU.ActiveCfg = Debug|Any CPU
		{EF8732E8-367C-4183-A02D-CD41285CBE16}.Debug|Any CPU.Build.0 = Debug|Any CPU
		{EF8732E8-367C-4183-A02D-CD41285CBE16}.Release|Any CPU.ActiveCfg = Release|Any CPU
		{EF8732E8-367C-4183-A02D-CD41285CBE16}.Release|Any CPU.Build.0 = Release|Any CPU
	EndGlobalSection
	GlobalSection(SolutionProperties) = preSolution
		HideSolutionNode = FALSE
	EndGlobalSection
	GlobalSection(NestedProjects) = preSolution
		{7D31FC60-864F-4F97-A88E-12F441649129} = {5DC1DBD9-AA3B-44E4-B87C-5BB946D91CA6}
		{08FB6832-104A-4461-A24C-00FF10AC7740} = {5DC1DBD9-AA3B-44E4-B87C-5BB946D91CA6}
		{DB507882-2A0C-4435-BAFC-B44689C520D6} = {5DC1DBD9-AA3B-44E4-B87C-5BB946D91CA6}
		{2C59C6C0-7075-4800-A3DC-9A1102E7F02E} = {08FB6832-104A-4461-A24C-00FF10AC7740}
		{DBD0E65E-177F-4140-AA28-733174E2161E} = {DB507882-2A0C-4435-BAFC-B44689C520D6}
		{9B98E4B6-46D9-4528-865C-AE67A23A0D48} = {DB507882-2A0C-4435-BAFC-B44689C520D6}
		{C0018C50-0F60-4A78-BEB9-084D78B03463} = {C38E035C-2C95-4E22-8BE1-A002A0737444}
		{C38E035C-2C95-4E22-8BE1-A002A0737444} = {7D31FC60-864F-4F97-A88E-12F441649129}
		{EF8732E8-367C-4183-A02D-CD41285CBE16} = {C38E035C-2C95-4E22-8BE1-A002A0737444}
	EndGlobalSection
	GlobalSection(ExtensibilityGlobals) = postSolution
		SolutionGuid = {46B9C6E2-C94B-428F-A775-04E2380C8F46}
	EndGlobalSection
EndGlobal
